<?xml version="1.0" encoding="utf-8"?>
<Project ToolsVersion="4.0" xmlns="http://schemas.microsoft.com/developer/msbuild/2003">
  <ItemGroup>
    <Filter Include="Graphics">
      <UniqueIdentifier>{807e6483-4159-42a9-bcbf-dfa23df0ccb6}</UniqueIdentifier>
    </Filter>
    <Filter Include="Graphics\GraphicCore">
      <UniqueIdentifier>{2d48fec1-accf-4562-b3cf-c05d41baa280}</UniqueIdentifier>
    </Filter>
    <Filter Include="Engine">
      <UniqueIdentifier>{3662daad-2391-4f29-818c-e4b6b2eeb2e4}</UniqueIdentifier>
    </Filter>
    <Filter Include="Includes">
      <UniqueIdentifier>{93995380-89BD-4b04-88EB-625FBE52EBFB}</UniqueIdentifier>
      <Extensions>h;hh;hpp;hxx;h++;hm;inl;inc;ipp;xsd</Extensions>
    </Filter>
    <Filter Include="ShaderManagement">
      <UniqueIdentifier>{da9a16d3-95d4-4463-97d9-b3e18a3e1c97}</UniqueIdentifier>
    </Filter>
  </ItemGroup>
  <ItemGroup>
    <ClInclude Include="Includes\Defines.h">
      <Filter>Includes</Filter>
    </ClInclude>
    <ClInclude Include="Graphics\GraphicCore\GraphicEngine.h">
      <Filter>Graphics\GraphicCore</Filter>
    </ClInclude>
    <ClInclude Include="Engine\Engine.h">
      <Filter>Engine</Filter>
    </ClInclude>
    <ClInclude Include="Engine\PlatformManager.h">
      <Filter>Engine</Filter>
    </ClInclude>
    <ClInclude Include="Graphics\GraphicCore\GraphicDefines.hpp">
      <Filter>Includes</Filter>
    </ClInclude>
    <ClInclude Include="Engine\Flag.h">
      <Filter>Engine</Filter>
    </ClInclude>
    <ClInclude Include="Graphics\GraphicCore\Device.h">
      <Filter>Graphics\GraphicCore</Filter>
    </ClInclude>
    <ClInclude Include="Graphics\GraphicCore\Surface.h">
      <Filter>Graphics\GraphicCore</Filter>
    </ClInclude>
    <ClInclude Include="Graphics\GraphicCore\Swapchain.h">
      <Filter>Graphics\GraphicCore</Filter>
    </ClInclude>
    <ClInclude Include="Graphics\GraphicCore\ImageView.h">
      <Filter>Graphics\GraphicCore</Filter>
    </ClInclude>
    <ClInclude Include="..\Include\Shared\ShaderIncludes.h">
      <Filter>Includes</Filter>
    </ClInclude>
    <ClInclude Include="Graphics\ShaderManagement\ShaderManager.h">
      <Filter>ShaderManagement</Filter>
    </ClInclude>
    <ClInclude Include="Graphics\GraphicCore\PipelineStateManager.h">
      <Filter>Graphics\GraphicCore</Filter>
    </ClInclude>
    <ClInclude Include="Graphics\ShaderManagement\Shader.h">
      <Filter>ShaderManagement</Filter>
    </ClInclude>
  </ItemGroup>
  <ItemGroup>
    <ClCompile Include="Graphics\GraphicCore\GraphicEngine.cpp">
      <Filter>Graphics\GraphicCore</Filter>
    </ClCompile>
    <ClCompile Include="Engine\Engine.cpp">
      <Filter>Engine</Filter>
    </ClCompile>
    <ClCompile Include="Engine\PlatformManager.cpp">
      <Filter>Engine</Filter>
    </ClCompile>
    <ClCompile Include="Engine\Flag.cpp">
      <Filter>Engine</Filter>
    </ClCompile>
    <ClCompile Include="Graphics\GraphicCore\Device.cpp">
      <Filter>Graphics\GraphicCore</Filter>
    </ClCompile>
    <ClCompile Include="Graphics\GraphicCore\Surface.cpp">
      <Filter>Graphics\GraphicCore</Filter>
    </ClCompile>
    <ClCompile Include="Graphics\GraphicCore\Swapchain.cpp">
      <Filter>Graphics\GraphicCore</Filter>
    </ClCompile>
    <ClCompile Include="Graphics\GraphicCore\ImageView.cpp">
      <Filter>Graphics\GraphicCore</Filter>
    </ClCompile>
    <ClCompile Include="Graphics\ShaderManagement\ShaderManager.cpp">
      <Filter>ShaderManagement</Filter>
    </ClCompile>
    <ClCompile Include="Graphics\GraphicCore\PipelineStateManager.cpp">
      <Filter>Graphics\GraphicCore</Filter>
    </ClCompile>
    <ClCompile Include="Graphics\ShaderManagement\Shader.cpp">
      <Filter>ShaderManagement</Filter>
    </ClCompile>
  </ItemGroup>
</Project>